<?xml version="1.0" encoding="utf-8"?>
<Project ToolsVersion="17.0" xmlns="http://schemas.microsoft.com/developer/msbuild/2003">
  <ItemGroup>
    <ClCompile Include="C:\VecEdit\test_fetch_row_autogen\mocs_compilation_Debug.cpp">
      <Filter>Source Files</Filter>
    </ClCompile>
    <ClCompile Include="C:\VecEdit\tests\test_fetch_row.cpp">
      <Filter>Source Files</Filter>
    </ClCompile>
    <ClCompile Include="C:\VecEdit\database\databasemanager.cpp">
      <Filter>Source Files</Filter>
    </ClCompile>
    <ClCompile Include="C:\VecEdit\database\databasemanager_migrator.cpp">
      <Filter>Source Files</Filter>
    </ClCompile>
    <ClCompile Include="C:\VecEdit\database\binaryfilehelper.cpp">
      <Filter>Source Files</Filter>
    </ClCompile>
    <ClCompile Include="C:\VecEdit\vector\vectordatahandler.cpp">
      <Filter>Source Files</Filter>
    </ClCompile>
    <ClCompile Include="C:\VecEdit\common\logger.cpp">
      <Filter>Source Files</Filter>
    </ClCompile>
    <ClCompile Include="C:\VecEdit\pin\pinvalueedit.cpp">
      <Filter>Source Files</Filter>
    </ClCompile>
    <ClCompile Include="C:\VecEdit\test_fetch_row_autogen\mocs_compilation_Release.cpp">
      <Filter>Source Files</Filter>
    </ClCompile>
    <ClCompile Include="C:\VecEdit\test_fetch_row_autogen\mocs_compilation_MinSizeRel.cpp">
      <Filter>Source Files</Filter>
    </ClCompile>
    <ClCompile Include="C:\VecEdit\test_fetch_row_autogen\mocs_compilation_RelWithDebInfo.cpp">
      <Filter>Source Files</Filter>
    </ClCompile>
  </ItemGroup>
  <ItemGroup>
    <ClInclude Include="C:\VecEdit\database\databasemanager.h">
      <Filter>Header Files</Filter>
    </ClInclude>
    <ClInclude Include="C:\VecEdit\database\binaryfilehelper.h">
      <Filter>Header Files</Filter>
    </ClInclude>
    <ClInclude Include="C:\VecEdit\vector\vectordatahandler.h">
      <Filter>Header Files</Filter>
    </ClInclude>
    <ClInclude Include="C:\VecEdit\vector\vector_data_types.h">
      <Filter>Header Files</Filter>
    </ClInclude>
    <ClInclude Include="C:\VecEdit\common\logger.h">
      <Filter>Header Files</Filter>
    </ClInclude>
    <ClInclude Include="C:\VecEdit\common\binary_file_format.h">
      <Filter>Header Files</Filter>
    </ClInclude>
    <ClInclude Include="C:\VecEdit\common\binary_field_lengths.h">
      <Filter>Header Files</Filter>
    </ClInclude>
    <ClInclude Include="C:\VecEdit\common\utils\pathutils.h">
      <Filter>Header Files</Filter>
    </ClInclude>
    <ClInclude Include="C:\VecEdit\pin\pinvalueedit.h">
      <Filter>Header Files</Filter>
    </ClInclude>
  </ItemGroup>
  <ItemGroup>
    <CustomBuild Include="C:\VecEdit\CMakeLists.txt" />
  </ItemGroup>
  <ItemGroup>
    <Filter Include="Header Files">
      <UniqueIdentifier>{94563F14-A328-3F34-86F2-6E053C33633B}</UniqueIdentifier>
    </Filter>
    <Filter Include="Source Files">
      <UniqueIdentifier>{7FF1B1FE-621B-37D4-BC12-DBFE7A30616D}</UniqueIdentifier>
    </Filter>
  </ItemGroup>
</Project>
