
Microsoft Visual Studio Solution File, Format Version 12.00
# Visual Studio Version 17
Project("{8BC9CEB8-8B4A-11D0-8D11-00A0C91BC942}") = "ALL_BUILD", "ALL_BUILD.vcxproj", "{73CCCE66-852B-3066-AFE2-8B49235BBFD4}"
	ProjectSection(ProjectDependencies) = postProject
		{3302838B-DEA7-32BC-8AF1-5113E7AB3B5A} = {3302838B-DEA7-32BC-8AF1-5113E7AB3B5A}
		{4FEF1085-06D9-3CA2-A2A8-7209669B9869} = {4FEF1085-06D9-3CA2-A2A8-7209669B9869}
	EndProjectSection
EndProject
Project("{8BC9CEB8-8B4A-11D0-8D11-00A0C91BC942}") = "INSTALL", "INSTALL.vcxproj", "{7F43E59A-93B9-3004-8742-33341D61A285}"
	ProjectSection(ProjectDependencies) = postProject
		{73CCCE66-852B-3066-AFE2-8B49235BBFD4} = {73CCCE66-852B-3066-AFE2-8B49235BBFD4}
		{4FEF1085-06D9-3CA2-A2A8-7209669B9869} = {4FEF1085-06D9-3CA2-A2A8-7209669B9869}
	EndProjectSection
EndProject
Project("{8BC9CEB8-8B4A-11D0-8D11-00A0C91BC942}") = "VecEdit", "VecEdit.vcxproj", "{3302838B-DEA7-32BC-8AF1-5113E7AB3B5A}"
	ProjectSection(ProjectDependencies) = postProject
		{4FEF1085-06D9-3CA2-A2A8-7209669B9869} = {4FEF1085-06D9-3CA2-A2A8-7209669B9869}
	EndProjectSection
EndProject
Project("{8BC9CEB8-8B4A-11D0-8D11-00A0C91BC942}") = "ZERO_CHECK", "ZERO_CHECK.vcxproj", "{4FEF1085-06D9-3CA2-A2A8-7209669B9869}"
	ProjectSection(ProjectDependencies) = postProject
	EndProjectSection
EndProject
Global
	GlobalSection(SolutionConfigurationPlatforms) = preSolution
		Debug|x64 = Debug|x64
		Release|x64 = Release|x64
		MinSizeRel|x64 = MinSizeRel|x64
		RelWithDebInfo|x64 = RelWithDebInfo|x64
	EndGlobalSection
	GlobalSection(ProjectConfigurationPlatforms) = postSolution
		{73CCCE66-852B-3066-AFE2-8B49235BBFD4}.Debug|x64.ActiveCfg = Debug|x64
		{73CCCE66-852B-3066-AFE2-8B49235BBFD4}.Debug|x64.Build.0 = Debug|x64
		{73CCCE66-852B-3066-AFE2-8B49235BBFD4}.Release|x64.ActiveCfg = Release|x64
		{73CCCE66-852B-3066-AFE2-8B49235BBFD4}.Release|x64.Build.0 = Release|x64
		{73CCCE66-852B-3066-AFE2-8B49235BBFD4}.MinSizeRel|x64.ActiveCfg = MinSizeRel|x64
		{73CCCE66-852B-3066-AFE2-8B49235BBFD4}.MinSizeRel|x64.Build.0 = MinSizeRel|x64
		{73CCCE66-852B-3066-AFE2-8B49235BBFD4}.RelWithDebInfo|x64.ActiveCfg = RelWithDebInfo|x64
		{73CCCE66-852B-3066-AFE2-8B49235BBFD4}.RelWithDebInfo|x64.Build.0 = RelWithDebInfo|x64
		{7F43E59A-93B9-3004-8742-33341D61A285}.Debug|x64.ActiveCfg = Debug|x64
		{7F43E59A-93B9-3004-8742-33341D61A285}.Release|x64.ActiveCfg = Release|x64
		{7F43E59A-93B9-3004-8742-33341D61A285}.MinSizeRel|x64.ActiveCfg = MinSizeRel|x64
		{7F43E59A-93B9-3004-8742-33341D61A285}.RelWithDebInfo|x64.ActiveCfg = RelWithDebInfo|x64
		{3302838B-DEA7-32BC-8AF1-5113E7AB3B5A}.Debug|x64.ActiveCfg = Debug|x64
		{3302838B-DEA7-32BC-8AF1-5113E7AB3B5A}.Debug|x64.Build.0 = Debug|x64
		{3302838B-DEA7-32BC-8AF1-5113E7AB3B5A}.Release|x64.ActiveCfg = Release|x64
		{3302838B-DEA7-32BC-8AF1-5113E7AB3B5A}.Release|x64.Build.0 = Release|x64
		{3302838B-DEA7-32BC-8AF1-5113E7AB3B5A}.MinSizeRel|x64.ActiveCfg = MinSizeRel|x64
		{3302838B-DEA7-32BC-8AF1-5113E7AB3B5A}.MinSizeRel|x64.Build.0 = MinSizeRel|x64
		{3302838B-DEA7-32BC-8AF1-5113E7AB3B5A}.RelWithDebInfo|x64.ActiveCfg = RelWithDebInfo|x64
		{3302838B-DEA7-32BC-8AF1-5113E7AB3B5A}.RelWithDebInfo|x64.Build.0 = RelWithDebInfo|x64
		{4FEF1085-06D9-3CA2-A2A8-7209669B9869}.Debug|x64.ActiveCfg = Debug|x64
		{4FEF1085-06D9-3CA2-A2A8-7209669B9869}.Debug|x64.Build.0 = Debug|x64
		{4FEF1085-06D9-3CA2-A2A8-7209669B9869}.Release|x64.ActiveCfg = Release|x64
		{4FEF1085-06D9-3CA2-A2A8-7209669B9869}.Release|x64.Build.0 = Release|x64
		{4FEF1085-06D9-3CA2-A2A8-7209669B9869}.MinSizeRel|x64.ActiveCfg = MinSizeRel|x64
		{4FEF1085-06D9-3CA2-A2A8-7209669B9869}.MinSizeRel|x64.Build.0 = MinSizeRel|x64
		{4FEF1085-06D9-3CA2-A2A8-7209669B9869}.RelWithDebInfo|x64.ActiveCfg = RelWithDebInfo|x64
		{4FEF1085-06D9-3CA2-A2A8-7209669B9869}.RelWithDebInfo|x64.Build.0 = RelWithDebInfo|x64
	EndGlobalSection
	GlobalSection(ExtensibilityGlobals) = postSolution
		SolutionGuid = {7F2429A5-7AD7-324E-9157-6A42D6513B96}
	EndGlobalSection
	GlobalSection(ExtensibilityAddIns) = postSolution
	EndGlobalSection
EndGlobal
