<?xml version="1.0" encoding="utf-8"?>
<Project ToolsVersion="17.0" xmlns="http://schemas.microsoft.com/developer/msbuild/2003">
  <ItemGroup>
    <ClCompile Include="C:\VecEdit\VecEdit_autogen\mocs_compilation_Debug.cpp">
      <Filter>Source Files</Filter>
    </ClCompile>
    <ClCompile Include="C:\VecEdit\app\main.cpp">
      <Filter>Source Files</Filter>
    </ClCompile>
    <ClCompile Include="C:\VecEdit\app\mainwindow.cpp">
      <Filter>Source Files</Filter>
    </ClCompile>
    <ClCompile Include="C:\VecEdit\database\databasemanager.cpp">
      <Filter>Source Files</Filter>
    </ClCompile>
    <ClCompile Include="C:\VecEdit\database\databasemanager_migrator.cpp">
      <Filter>Source Files</Filter>
    </ClCompile>
    <ClCompile Include="C:\VecEdit\database\databaseviewdialog.cpp">
      <Filter>Source Files</Filter>
    </ClCompile>
    <ClCompile Include="C:\VecEdit\database\binaryfilehelper.cpp">
      <Filter>Source Files</Filter>
    </ClCompile>
    <ClCompile Include="C:\VecEdit\pin\pinlistdialog.cpp">
      <Filter>Source Files</Filter>
    </ClCompile>
    <ClCompile Include="C:\VecEdit\pin\pingroupdialog.cpp">
      <Filter>Source Files</Filter>
    </ClCompile>
    <ClCompile Include="C:\VecEdit\timeset\timesetdialog.cpp">
      <Filter>Source Files</Filter>
    </ClCompile>
    <ClCompile Include="C:\VecEdit\timeset\timesetedgedialog.cpp">
      <Filter>Source Files</Filter>
    </ClCompile>
    <ClCompile Include="C:\VecEdit\timeset\filltimesetdialog.cpp">
      <Filter>Source Files</Filter>
    </ClCompile>
    <ClCompile Include="C:\VecEdit\timeset\replacetimesetdialog.cpp">
      <Filter>Source Files</Filter>
    </ClCompile>
    <ClCompile Include="C:\VecEdit\pin\pinvalueedit.cpp">
      <Filter>Source Files</Filter>
    </ClCompile>
    <ClCompile Include="C:\VecEdit\pin\vectorpinsettingsdialog.cpp">
      <Filter>Source Files</Filter>
    </ClCompile>
    <ClCompile Include="C:\VecEdit\pin\pinsettingsdialog.cpp">
      <Filter>Source Files</Filter>
    </ClCompile>
    <ClCompile Include="C:\VecEdit\vector\vectortabledelegate.cpp">
      <Filter>Source Files</Filter>
    </ClCompile>
    <ClCompile Include="C:\VecEdit\vector\vectordatahandler.cpp">
      <Filter>Source Files</Filter>
    </ClCompile>
    <ClCompile Include="C:\VecEdit\vector\deleterangevectordialog.cpp">
      <Filter>Source Files</Filter>
    </ClCompile>
    <ClCompile Include="C:\VecEdit\vector\fillvectordialog.cpp">
      <Filter>Source Files</Filter>
    </ClCompile>
    <ClCompile Include="C:\VecEdit\common\dialogmanager.cpp">
      <Filter>Source Files</Filter>
    </ClCompile>
    <ClCompile Include="C:\VecEdit\common\tablestylemanager.cpp">
      <Filter>Source Files</Filter>
    </ClCompile>
    <ClCompile Include="C:\VecEdit\common\tablestyleperformancetester.cpp">
      <Filter>Source Files</Filter>
    </ClCompile>
    <ClCompile Include="C:\VecEdit\common\logger.cpp">
      <Filter>Source Files</Filter>
    </ClCompile>
    <ClCompile Include="C:\VecEdit\timeset\timesetdataaccess.cpp">
      <Filter>Source Files</Filter>
    </ClCompile>
    <ClCompile Include="C:\VecEdit\timeset\timesetui.cpp">
      <Filter>Source Files</Filter>
    </ClCompile>
    <ClCompile Include="C:\VecEdit\timeset\timesetedgemanager.cpp">
      <Filter>Source Files</Filter>
    </ClCompile>
    <ClCompile Include="C:\VecEdit\pin\pinselectionmanager.cpp">
      <Filter>Source Files</Filter>
    </ClCompile>
    <ClCompile Include="C:\VecEdit\vector\vectordatamanager.cpp">
      <Filter>Source Files</Filter>
    </ClCompile>
    <ClCompile Include="C:\VecEdit\migration\datamigrator.cpp">
      <Filter>Source Files</Filter>
    </ClCompile>
    <ClCompile Include="C:\VecEdit\VecEdit_autogen\BUURKL3RHA\qrc_icons.cpp">
      <Filter>Source Files</Filter>
    </ClCompile>
    <ClCompile Include="C:\VecEdit\VecEdit_autogen\mocs_compilation_Release.cpp">
      <Filter>Source Files</Filter>
    </ClCompile>
    <ClCompile Include="C:\VecEdit\VecEdit_autogen\mocs_compilation_MinSizeRel.cpp">
      <Filter>Source Files</Filter>
    </ClCompile>
    <ClCompile Include="C:\VecEdit\VecEdit_autogen\mocs_compilation_RelWithDebInfo.cpp">
      <Filter>Source Files</Filter>
    </ClCompile>
  </ItemGroup>
  <ItemGroup>
    <ClInclude Include="C:\VecEdit\app\mainwindow.h">
      <Filter>Header Files</Filter>
    </ClInclude>
    <ClInclude Include="C:\VecEdit\database\databasemanager.h">
      <Filter>Header Files</Filter>
    </ClInclude>
    <ClInclude Include="C:\VecEdit\database\databaseviewdialog.h">
      <Filter>Header Files</Filter>
    </ClInclude>
    <ClInclude Include="C:\VecEdit\database\binaryfilehelper.h">
      <Filter>Header Files</Filter>
    </ClInclude>
    <ClInclude Include="C:\VecEdit\pin\pinlistdialog.h">
      <Filter>Header Files</Filter>
    </ClInclude>
    <ClInclude Include="C:\VecEdit\pin\pingroupdialog.h">
      <Filter>Header Files</Filter>
    </ClInclude>
    <ClInclude Include="C:\VecEdit\timeset\timesetdialog.h">
      <Filter>Header Files</Filter>
    </ClInclude>
    <ClInclude Include="C:\VecEdit\timeset\timesetedgedialog.h">
      <Filter>Header Files</Filter>
    </ClInclude>
    <ClInclude Include="C:\VecEdit\timeset\filltimesetdialog.h">
      <Filter>Header Files</Filter>
    </ClInclude>
    <ClInclude Include="C:\VecEdit\timeset\replacetimesetdialog.h">
      <Filter>Header Files</Filter>
    </ClInclude>
    <ClInclude Include="C:\VecEdit\pin\pinvalueedit.h">
      <Filter>Header Files</Filter>
    </ClInclude>
    <ClInclude Include="C:\VecEdit\pin\vectorpinsettingsdialog.h">
      <Filter>Header Files</Filter>
    </ClInclude>
    <ClInclude Include="C:\VecEdit\pin\pinsettingsdialog.h">
      <Filter>Header Files</Filter>
    </ClInclude>
    <ClInclude Include="C:\VecEdit\vector\vectortabledelegate.h">
      <Filter>Header Files</Filter>
    </ClInclude>
    <ClInclude Include="C:\VecEdit\vector\vectordatahandler.h">
      <Filter>Header Files</Filter>
    </ClInclude>
    <ClInclude Include="C:\VecEdit\vector\deleterangevectordialog.h">
      <Filter>Header Files</Filter>
    </ClInclude>
    <ClInclude Include="C:\VecEdit\vector\fillvectordialog.h">
      <Filter>Header Files</Filter>
    </ClInclude>
    <ClInclude Include="C:\VecEdit\common\dialogmanager.h">
      <Filter>Header Files</Filter>
    </ClInclude>
    <ClInclude Include="C:\VecEdit\common\tablestylemanager.h">
      <Filter>Header Files</Filter>
    </ClInclude>
    <ClInclude Include="C:\VecEdit\common\tablestyleperformancetester.h">
      <Filter>Header Files</Filter>
    </ClInclude>
    <ClInclude Include="C:\VecEdit\common\logger.h">
      <Filter>Header Files</Filter>
    </ClInclude>
    <ClInclude Include="C:\VecEdit\timeset\timesetdataaccess.h">
      <Filter>Header Files</Filter>
    </ClInclude>
    <ClInclude Include="C:\VecEdit\timeset\timesetui.h">
      <Filter>Header Files</Filter>
    </ClInclude>
    <ClInclude Include="C:\VecEdit\timeset\timesetedgemanager.h">
      <Filter>Header Files</Filter>
    </ClInclude>
    <ClInclude Include="C:\VecEdit\pin\pinselectionmanager.h">
      <Filter>Header Files</Filter>
    </ClInclude>
    <ClInclude Include="C:\VecEdit\vector\vectordatamanager.h">
      <Filter>Header Files</Filter>
    </ClInclude>
    <ClInclude Include="C:\VecEdit\migration\datamigrator.h">
      <Filter>Header Files</Filter>
    </ClInclude>
  </ItemGroup>
  <ItemGroup>
    <CustomBuild Include="C:\VecEdit\CMakeFiles\9ae89735fab5b2beddcfd5518b7c2610\qrc_icons.cpp.rule">
      <Filter>CMake Rules</Filter>
    </CustomBuild>
    <CustomBuild Include="C:\VecEdit\CMakeLists.txt" />
  </ItemGroup>
  <ItemGroup>
    <None Include="C:\VecEdit\resources\qt\icons.qrc" />
  </ItemGroup>
  <ItemGroup>
    <ResourceCompile Include="C:\VecEdit\version.rc">
      <Filter>Source Files</Filter>
    </ResourceCompile>
  </ItemGroup>
  <ItemGroup>
    <Filter Include="CMake Rules">
      <UniqueIdentifier>{681CB140-B51E-30EC-96C2-C64EE9BC34AD}</UniqueIdentifier>
    </Filter>
    <Filter Include="Header Files">
      <UniqueIdentifier>{94563F14-A328-3F34-86F2-6E053C33633B}</UniqueIdentifier>
    </Filter>
    <Filter Include="Source Files">
      <UniqueIdentifier>{7FF1B1FE-621B-37D4-BC12-DBFE7A30616D}</UniqueIdentifier>
    </Filter>
  </ItemGroup>
</Project>
