<?xml version="1.0" encoding="utf-8"?>
<Project ToolsVersion="17.0" xmlns="http://schemas.microsoft.com/developer/msbuild/2003">
  <ItemGroup>
    <CustomBuild Include="C:\VecEdit\CMakeFiles\9a5a1e29a2732000bcfc02bdcf1f0ab7\generate.stamp.rule">
      <Filter>CMake Rules</Filter>
    </CustomBuild>
  </ItemGroup>
  <ItemGroup>
    <Filter Include="CMake Rules">
      <UniqueIdentifier>{681CB140-B51E-30EC-96C2-C64EE9BC34AD}</UniqueIdentifier>
    </Filter>
  </ItemGroup>
</Project>
